
Microsoft Visual Studio Solution File, Format Version 12.00
# Visual Studio 14
VisualStudioVersion = 14.0.25420.1
MinimumVisualStudioVersion = 10.0.40219.1
Project("{FAE04EC0-301F-11D3-BF4B-00C04F79EFBC}") = "SampleApp", "SampleApp\SampleApp.csproj", "{0D329C27-B9B9-4BFE-83DA-A8E0E056869D}"
EndProject
Global
	GlobalSection(SolutionConfigurationPlatforms) = preSolution
		Debug|Any CPU = Debug|Any CPU
		Release|Any CPU = Release|Any CPU
	EndGlobalSection
	GlobalSection(ProjectConfigurationPlatforms) = postSolution
		{0D329C27-B9B9-4BFE-83DA-A8E0E056869D}.Debug|Any CPU.ActiveCfg = Debug|Any CPU
		{0D329C27-B9B9-4BFE-83DA-A8E0E056869D}.Debug|Any CPU.Build.0 = Debug|Any CPU
		{0D329C27-B9B9-4BFE-83DA-A8E0E056869D}.Release|Any CPU.ActiveCfg = Release|Any CPU
		{0D329C27-B9B9-4BFE-83DA-A8E0E056869D}.Release|Any CPU.Build.0 = Release|Any CPU
	EndGlobalSection
	GlobalSection(SolutionProperties) = preSolution
		HideSolutionNode = FALSE
	EndGlobalSection
EndGlobal
